// !$*UTF8*$!
{
	archiveVersion = 1;
	classes = {
	};
	objectVersion = 48;
	objects = {

/* Begin PBXBuildFile section */
		DB57A725206391E1000F02CE /* BaseTableCell.m in Sources */ = {isa = PBXBuildFile; fileRef = DB57A723206391E0000F02CE /* BaseTableCell.m */; };
		DB57A728206391FD000F02CE /* BaseTableViewCell.m in Sources */ = {isa = PBXBuildFile; fileRef = DB57A727206391FC000F02CE /* BaseTableViewCell.m */; };
		DB57A72F20639D22000F02CE /* PictureCreateViewController.m in Sources */ = {isa = PBXBuildFile; fileRef = DB57A72D20639D22000F02CE /* PictureCreateViewController.m */; };
		DB57A73020639D22000F02CE /* PictureCreateViewController.xib in Resources */ = {isa = PBXBuildFile; fileRef = DB57A72E20639D22000F02CE /* PictureCreateViewController.xib */; };
		DB57A7342063B67E000F02CE /* PictureComposition.m in Sources */ = {isa = PBXBuildFile; fileRef = DB57A7322063B67D000F02CE /* PictureComposition.m */; };
		DB57A7352063B67E000F02CE /* PictureComposition.xib in Resources */ = {isa = PBXBuildFile; fileRef = DB57A7332063B67D000F02CE /* PictureComposition.xib */; };
		DB6D0F2520626A3C007872B0 /* AppDelegate.m in Sources */ = {isa = PBXBuildFile; fileRef = DB6D0F2420626A3C007872B0 /* AppDelegate.m */; };
		DB6D0F2B20626A3D007872B0 /* Main.storyboard in Resources */ = {isa = PBXBuildFile; fileRef = DB6D0F2920626A3D007872B0 /* Main.storyboard */; };
		DB6D0F2D20626A3D007872B0 /* Assets.xcassets in Resources */ = {isa = PBXBuildFile; fileRef = DB6D0F2C20626A3D007872B0 /* Assets.xcassets */; };
		DB6D0F3020626A3D007872B0 /* LaunchScreen.storyboard in Resources */ = {isa = PBXBuildFile; fileRef = DB6D0F2E20626A3D007872B0 /* LaunchScreen.storyboard */; };
		DB6D0F3320626A3D007872B0 /* main.m in Sources */ = {isa = PBXBuildFile; fileRef = DB6D0F3220626A3D007872B0 /* main.m */; };
		DB6D0F3D20626A3D007872B0 /* PictureProcessKitTestTests.m in Sources */ = {isa = PBXBuildFile; fileRef = DB6D0F3C20626A3D007872B0 /* PictureProcessKitTestTests.m */; };
		DB6D0F4820626A3D007872B0 /* PictureProcessKitTestUITests.m in Sources */ = {isa = PBXBuildFile; fileRef = DB6D0F4720626A3D007872B0 /* PictureProcessKitTestUITests.m */; };
		DB6D0F7020626CDB007872B0 /* UIImage+PPK_Help.m in Sources */ = {isa = PBXBuildFile; fileRef = DB6D0F6F20626CDB007872B0 /* UIImage+PPK_Help.m */; };
		DB6D0F7320626D4A007872B0 /* FaceDetection_PPK.m in Sources */ = {isa = PBXBuildFile; fileRef = DB6D0F7220626D4A007872B0 /* FaceDetection_PPK.m */; };
		DB6D0F7720626DF6007872B0 /* ImageUtil_PPK.m in Sources */ = {isa = PBXBuildFile; fileRef = DB6D0F7420626DF6007872B0 /* ImageUtil_PPK.m */; };
		DB6D0F7E20626E4B007872B0 /* CLBlurCircle_PPK.m in Sources */ = {isa = PBXBuildFile; fileRef = DB6D0F7820626E4B007872B0 /* CLBlurCircle_PPK.m */; };
		DB6D0F7F20626E4B007872B0 /* CLSpotCircle_PPK.m in Sources */ = {isa = PBXBuildFile; fileRef = DB6D0F7A20626E4B007872B0 /* CLSpotCircle_PPK.m */; };
		DB6D0F8020626E4B007872B0 /* CLBlurBand_PPK.m in Sources */ = {isa = PBXBuildFile; fileRef = DB6D0F7C20626E4B007872B0 /* CLBlurBand_PPK.m */; };
		DB6D0F8720627C02007872B0 /* ViewController.m in Sources */ = {isa = PBXBuildFile; fileRef = DB6D0F8620627C02007872B0 /* ViewController.m */; };
		DB74E8C820731B160042CEDE /* PPCropController.m in Sources */ = {isa = PBXBuildFile; fileRef = DB74E8C720731B160042CEDE /* PPCropController.m */; };
		DB74E8D920731EAF0042CEDE /* PPPoint.m in Sources */ = {isa = PBXBuildFile; fileRef = DB74E8D320731EAF0042CEDE /* PPPoint.m */; };
		DB74E8DA20731EAF0042CEDE /* PPPointPath.m in Sources */ = {isa = PBXBuildFile; fileRef = DB74E8D520731EAF0042CEDE /* PPPointPath.m */; };
		DB74E8DB20731EAF0042CEDE /* PPCompoundPath.m in Sources */ = {isa = PBXBuildFile; fileRef = DB74E8D820731EAF0042CEDE /* PPCompoundPath.m */; };
		DB74E8DF207321FB0042CEDE /* PPCompoundPath_sub.m in Sources */ = {isa = PBXBuildFile; fileRef = DB74E8DE207321FB0042CEDE /* PPCompoundPath_sub.m */; };
		DB74E8E22073221B0042CEDE /* PPPoint_sub.m in Sources */ = {isa = PBXBuildFile; fileRef = DB74E8E12073221B0042CEDE /* PPPoint_sub.m */; };
		DB74E8E52073222D0042CEDE /* PPPointPath_sub.m in Sources */ = {isa = PBXBuildFile; fileRef = DB74E8E42073222D0042CEDE /* PPPointPath_sub.m */; };
		DB74E8FC207327D20042CEDE /* MJFoundation.m in Sources */ = {isa = PBXBuildFile; fileRef = DB74E8E7207327D00042CEDE /* MJFoundation.m */; };
		DB74E8FD207327D20042CEDE /* NSObject+MJCoding.m in Sources */ = {isa = PBXBuildFile; fileRef = DB74E8E8207327D00042CEDE /* NSObject+MJCoding.m */; };
		DB74E8FE207327D20042CEDE /* MJPropertyKey.m in Sources */ = {isa = PBXBuildFile; fileRef = DB74E8E9207327D00042CEDE /* MJPropertyKey.m */; };
		DB74E8FF207327D20042CEDE /* NSObject+MJClass.m in Sources */ = {isa = PBXBuildFile; fileRef = DB74E8EB207327D10042CEDE /* NSObject+MJClass.m */; };
		DB74E900207327D20042CEDE /* MJProperty.m in Sources */ = {isa = PBXBuildFile; fileRef = DB74E8EC207327D10042CEDE /* MJProperty.m */; };
		DB74E901207327D20042CEDE /* NSObject+MJKeyValue.m in Sources */ = {isa = PBXBuildFile; fileRef = DB74E8EE207327D10042CEDE /* NSObject+MJKeyValue.m */; };
		DB74E902207327D20042CEDE /* MJExtensionConst.m in Sources */ = {isa = PBXBuildFile; fileRef = DB74E8F1207327D10042CEDE /* MJExtensionConst.m */; };
		DB74E903207327D20042CEDE /* NSObject+MJProperty.m in Sources */ = {isa = PBXBuildFile; fileRef = DB74E8F3207327D10042CEDE /* NSObject+MJProperty.m */; };
		DB74E904207327D20042CEDE /* NSString+MJExtension.m in Sources */ = {isa = PBXBuildFile; fileRef = DB74E8F6207327D10042CEDE /* NSString+MJExtension.m */; };
		DB74E905207327D20042CEDE /* MJPropertyType.m in Sources */ = {isa = PBXBuildFile; fileRef = DB74E8F9207327D20042CEDE /* MJPropertyType.m */; };
		DB74E90B20732ED80042CEDE /* PPCropView.m in Sources */ = {isa = PBXBuildFile; fileRef = DB74E90920732ED80042CEDE /* PPCropView.m */; };
		DB74E91720732FEC0042CEDE /* UIView+XL_Extension.m in Sources */ = {isa = PBXBuildFile; fileRef = DB74E91420732FEC0042CEDE /* UIView+XL_Extension.m */; };
		DB74E91820732FEC0042CEDE /* XL_ZoomingScrollView.m in Sources */ = {isa = PBXBuildFile; fileRef = DB74E91620732FEC0042CEDE /* XL_ZoomingScrollView.m */; };
		DB74E91F207355970042CEDE /* PictureSelectViewController.m in Sources */ = {isa = PBXBuildFile; fileRef = DB74E91D207355970042CEDE /* PictureSelectViewController.m */; };
		DB74E920207355970042CEDE /* PictureSelectViewController.xib in Resources */ = {isa = PBXBuildFile; fileRef = DB74E91E207355970042CEDE /* PictureSelectViewController.xib */; };
		DB74E92220735A590042CEDE /* squareMask.txt in Resources */ = {isa = PBXBuildFile; fileRef = DB74E92120735A590042CEDE /* squareMask.txt */; };
		DBE2581220635FBC00C34650 /* CubeMap_PK.c in Sources */ = {isa = PBXBuildFile; fileRef = DBE2581020635FBC00C34650 /* CubeMap_PK.c */; };
/* End PBXBuildFile section */

/* Begin PBXContainerItemProxy section */
		DB6D0F3920626A3D007872B0 /* PBXContainerItemProxy */ = {
			isa = PBXContainerItemProxy;
			containerPortal = DB6D0F1820626A3C007872B0 /* Project object */;
			proxyType = 1;
			remoteGlobalIDString = DB6D0F1F20626A3C007872B0;
			remoteInfo = PictureProcessKitTest;
		};
		DB6D0F4420626A3D007872B0 /* PBXContainerItemProxy */ = {
			isa = PBXContainerItemProxy;
			containerPortal = DB6D0F1820626A3C007872B0 /* Project object */;
			proxyType = 1;
			remoteGlobalIDString = DB6D0F1F20626A3C007872B0;
			remoteInfo = PictureProcessKitTest;
		};
/* End PBXContainerItemProxy section */

/* Begin PBXFileReference section */
		DB57A723206391E0000F02CE /* BaseTableCell.m */ = {isa = PBXFileReference; fileEncoding = 4; lastKnownFileType = sourcecode.c.objc; path = BaseTableCell.m; sourceTree = "<group>"; };
		DB57A724206391E0000F02CE /* BaseTableCell.h */ = {isa = PBXFileReference; fileEncoding = 4; lastKnownFileType = sourcecode.c.h; path = BaseTableCell.h; sourceTree = "<group>"; };
		DB57A726206391FC000F02CE /* BaseTableViewCell.h */ = {isa = PBXFileReference; fileEncoding = 4; lastKnownFileType = sourcecode.c.h; path = BaseTableViewCell.h; sourceTree = "<group>"; };
		DB57A727206391FC000F02CE /* BaseTableViewCell.m */ = {isa = PBXFileReference; fileEncoding = 4; lastKnownFileType = sourcecode.c.objc; path = BaseTableViewCell.m; sourceTree = "<group>"; };
		DB57A72C20639D22000F02CE /* PictureCreateViewController.h */ = {isa = PBXFileReference; lastKnownFileType = sourcecode.c.h; path = PictureCreateViewController.h; sourceTree = "<group>"; };
		DB57A72D20639D22000F02CE /* PictureCreateViewController.m */ = {isa = PBXFileReference; lastKnownFileType = sourcecode.c.objc; path = PictureCreateViewController.m; sourceTree = "<group>"; };
		DB57A72E20639D22000F02CE /* PictureCreateViewController.xib */ = {isa = PBXFileReference; lastKnownFileType = file.xib; path = PictureCreateViewController.xib; sourceTree = "<group>"; };
		DB57A7312063B67D000F02CE /* PictureComposition.h */ = {isa = PBXFileReference; lastKnownFileType = sourcecode.c.h; path = PictureComposition.h; sourceTree = "<group>"; };
		DB57A7322063B67D000F02CE /* PictureComposition.m */ = {isa = PBXFileReference; lastKnownFileType = sourcecode.c.objc; path = PictureComposition.m; sourceTree = "<group>"; };
		DB57A7332063B67D000F02CE /* PictureComposition.xib */ = {isa = PBXFileReference; lastKnownFileType = file.xib; path = PictureComposition.xib; sourceTree = "<group>"; };
		DB6D0F2020626A3C007872B0 /* PictureProcessKitTest.app */ = {isa = PBXFileReference; explicitFileType = wrapper.application; includeInIndex = 0; path = PictureProcessKitTest.app; sourceTree = BUILT_PRODUCTS_DIR; };
		DB6D0F2320626A3C007872B0 /* AppDelegate.h */ = {isa = PBXFileReference; lastKnownFileType = sourcecode.c.h; path = AppDelegate.h; sourceTree = "<group>"; };
		DB6D0F2420626A3C007872B0 /* AppDelegate.m */ = {isa = PBXFileReference; lastKnownFileType = sourcecode.c.objc; path = AppDelegate.m; sourceTree = "<group>"; };
		DB6D0F2620626A3C007872B0 /* ViewController.h */ = {isa = PBXFileReference; lastKnownFileType = sourcecode.c.h; path = ViewController.h; sourceTree = "<group>"; };
		DB6D0F2A20626A3D007872B0 /* Base */ = {isa = PBXFileReference; lastKnownFileType = file.storyboard; name = Base; path = Base.lproj/Main.storyboard; sourceTree = "<group>"; };
		DB6D0F2C20626A3D007872B0 /* Assets.xcassets */ = {isa = PBXFileReference; lastKnownFileType = folder.assetcatalog; path = Assets.xcassets; sourceTree = "<group>"; };
		DB6D0F2F20626A3D007872B0 /* Base */ = {isa = PBXFileReference; lastKnownFileType = file.storyboard; name = Base; path = Base.lproj/LaunchScreen.storyboard; sourceTree = "<group>"; };
		DB6D0F3120626A3D007872B0 /* Info.plist */ = {isa = PBXFileReference; lastKnownFileType = text.plist.xml; path = Info.plist; sourceTree = "<group>"; };
		DB6D0F3220626A3D007872B0 /* main.m */ = {isa = PBXFileReference; lastKnownFileType = sourcecode.c.objc; path = main.m; sourceTree = "<group>"; };
		DB6D0F3820626A3D007872B0 /* PictureProcessKitTestTests.xctest */ = {isa = PBXFileReference; explicitFileType = wrapper.cfbundle; includeInIndex = 0; path = PictureProcessKitTestTests.xctest; sourceTree = BUILT_PRODUCTS_DIR; };
		DB6D0F3C20626A3D007872B0 /* PictureProcessKitTestTests.m */ = {isa = PBXFileReference; lastKnownFileType = sourcecode.c.objc; path = PictureProcessKitTestTests.m; sourceTree = "<group>"; };
		DB6D0F3E20626A3D007872B0 /* Info.plist */ = {isa = PBXFileReference; lastKnownFileType = text.plist.xml; path = Info.plist; sourceTree = "<group>"; };
		DB6D0F4320626A3D007872B0 /* PictureProcessKitTestUITests.xctest */ = {isa = PBXFileReference; explicitFileType = wrapper.cfbundle; includeInIndex = 0; path = PictureProcessKitTestUITests.xctest; sourceTree = BUILT_PRODUCTS_DIR; };
		DB6D0F4720626A3D007872B0 /* PictureProcessKitTestUITests.m */ = {isa = PBXFileReference; lastKnownFileType = sourcecode.c.objc; path = PictureProcessKitTestUITests.m; sourceTree = "<group>"; };
		DB6D0F4920626A3D007872B0 /* Info.plist */ = {isa = PBXFileReference; lastKnownFileType = text.plist.xml; path = Info.plist; sourceTree = "<group>"; };
		DB6D0F6E20626CDB007872B0 /* UIImage+PPK_Help.h */ = {isa = PBXFileReference; fileEncoding = 4; lastKnownFileType = sourcecode.c.h; path = "UIImage+PPK_Help.h"; sourceTree = "<group>"; };
		DB6D0F6F20626CDB007872B0 /* UIImage+PPK_Help.m */ = {isa = PBXFileReference; fileEncoding = 4; lastKnownFileType = sourcecode.c.objc; path = "UIImage+PPK_Help.m"; sourceTree = "<group>"; };
		DB6D0F7120626D4A007872B0 /* FaceDetection_PPK.h */ = {isa = PBXFileReference; fileEncoding = 4; lastKnownFileType = sourcecode.c.h; path = FaceDetection_PPK.h; sourceTree = "<group>"; };
		DB6D0F7220626D4A007872B0 /* FaceDetection_PPK.m */ = {isa = PBXFileReference; fileEncoding = 4; lastKnownFileType = sourcecode.c.objc; path = FaceDetection_PPK.m; sourceTree = "<group>"; };
		DB6D0F7420626DF6007872B0 /* ImageUtil_PPK.m */ = {isa = PBXFileReference; fileEncoding = 4; lastKnownFileType = sourcecode.c.objc; path = ImageUtil_PPK.m; sourceTree = "<group>"; };
		DB6D0F7520626DF6007872B0 /* ImageUtil_PPK.h */ = {isa = PBXFileReference; fileEncoding = 4; lastKnownFileType = sourcecode.c.h; path = ImageUtil_PPK.h; sourceTree = "<group>"; };
		DB6D0F7620626DF6007872B0 /* ColorMatrix_PPK.h */ = {isa = PBXFileReference; fileEncoding = 4; lastKnownFileType = sourcecode.c.h; path = ColorMatrix_PPK.h; sourceTree = "<group>"; };
		DB6D0F7820626E4B007872B0 /* CLBlurCircle_PPK.m */ = {isa = PBXFileReference; fileEncoding = 4; lastKnownFileType = sourcecode.c.objc; path = CLBlurCircle_PPK.m; sourceTree = "<group>"; };
		DB6D0F7920626E4B007872B0 /* CLSpotCircle_PPK.h */ = {isa = PBXFileReference; fileEncoding = 4; lastKnownFileType = sourcecode.c.h; path = CLSpotCircle_PPK.h; sourceTree = "<group>"; };
		DB6D0F7A20626E4B007872B0 /* CLSpotCircle_PPK.m */ = {isa = PBXFileReference; fileEncoding = 4; lastKnownFileType = sourcecode.c.objc; path = CLSpotCircle_PPK.m; sourceTree = "<group>"; };
		DB6D0F7B20626E4B007872B0 /* CLBlurCircle_PPK.h */ = {isa = PBXFileReference; fileEncoding = 4; lastKnownFileType = sourcecode.c.h; path = CLBlurCircle_PPK.h; sourceTree = "<group>"; };
		DB6D0F7C20626E4B007872B0 /* CLBlurBand_PPK.m */ = {isa = PBXFileReference; fileEncoding = 4; lastKnownFileType = sourcecode.c.objc; path = CLBlurBand_PPK.m; sourceTree = "<group>"; };
		DB6D0F7D20626E4B007872B0 /* CLBlurBand_PPK.h */ = {isa = PBXFileReference; fileEncoding = 4; lastKnownFileType = sourcecode.c.h; path = CLBlurBand_PPK.h; sourceTree = "<group>"; };
		DB6D0F8620627C02007872B0 /* ViewController.m */ = {isa = PBXFileReference; fileEncoding = 4; lastKnownFileType = sourcecode.c.objc; path = ViewController.m; sourceTree = "<group>"; };
		DB74E8C620731B160042CEDE /* PPCropController.h */ = {isa = PBXFileReference; lastKnownFileType = sourcecode.c.h; path = PPCropController.h; sourceTree = "<group>"; };
		DB74E8C720731B160042CEDE /* PPCropController.m */ = {isa = PBXFileReference; lastKnownFileType = sourcecode.c.objc; path = PPCropController.m; sourceTree = "<group>"; };
		DB74E8D320731EAF0042CEDE /* PPPoint.m */ = {isa = PBXFileReference; fileEncoding = 4; lastKnownFileType = sourcecode.c.objc; path = PPPoint.m; sourceTree = "<group>"; };
		DB74E8D420731EAF0042CEDE /* PPPointPath.h */ = {isa = PBXFileReference; fileEncoding = 4; lastKnownFileType = sourcecode.c.h; path = PPPointPath.h; sourceTree = "<group>"; };
		DB74E8D520731EAF0042CEDE /* PPPointPath.m */ = {isa = PBXFileReference; fileEncoding = 4; lastKnownFileType = sourcecode.c.objc; path = PPPointPath.m; sourceTree = "<group>"; };
		DB74E8D620731EAF0042CEDE /* PPCompoundPath.h */ = {isa = PBXFileReference; fileEncoding = 4; lastKnownFileType = sourcecode.c.h; path = PPCompoundPath.h; sourceTree = "<group>"; };
		DB74E8D720731EAF0042CEDE /* PPPoint.h */ = {isa = PBXFileReference; fileEncoding = 4; lastKnownFileType = sourcecode.c.h; path = PPPoint.h; sourceTree = "<group>"; };
		DB74E8D820731EAF0042CEDE /* PPCompoundPath.m */ = {isa = PBXFileReference; fileEncoding = 4; lastKnownFileType = sourcecode.c.objc; path = PPCompoundPath.m; sourceTree = "<group>"; };
		DB74E8DD207321FB0042CEDE /* PPCompoundPath_sub.h */ = {isa = PBXFileReference; lastKnownFileType = sourcecode.c.h; path = PPCompoundPath_sub.h; sourceTree = "<group>"; };
		DB74E8DE207321FB0042CEDE /* PPCompoundPath_sub.m */ = {isa = PBXFileReference; lastKnownFileType = sourcecode.c.objc; path = PPCompoundPath_sub.m; sourceTree = "<group>"; };
		DB74E8E02073221B0042CEDE /* PPPoint_sub.h */ = {isa = PBXFileReference; lastKnownFileType = sourcecode.c.h; path = PPPoint_sub.h; sourceTree = "<group>"; };
		DB74E8E12073221B0042CEDE /* PPPoint_sub.m */ = {isa = PBXFileReference; lastKnownFileType = sourcecode.c.objc; path = PPPoint_sub.m; sourceTree = "<group>"; };
		DB74E8E32073222D0042CEDE /* PPPointPath_sub.h */ = {isa = PBXFileReference; lastKnownFileType = sourcecode.c.h; path = PPPointPath_sub.h; sourceTree = "<group>"; };
		DB74E8E42073222D0042CEDE /* PPPointPath_sub.m */ = {isa = PBXFileReference; lastKnownFileType = sourcecode.c.objc; path = PPPointPath_sub.m; sourceTree = "<group>"; };
		DB74E8E7207327D00042CEDE /* MJFoundation.m */ = {isa = PBXFileReference; fileEncoding = 4; lastKnownFileType = sourcecode.c.objc; path = MJFoundation.m; sourceTree = "<group>"; };
		DB74E8E8207327D00042CEDE /* NSObject+MJCoding.m */ = {isa = PBXFileReference; fileEncoding = 4; lastKnownFileType = sourcecode.c.objc; path = "NSObject+MJCoding.m"; sourceTree = "<group>"; };
		DB74E8E9207327D00042CEDE /* MJPropertyKey.m */ = {isa = PBXFileReference; fileEncoding = 4; lastKnownFileType = sourcecode.c.objc; path = MJPropertyKey.m; sourceTree = "<group>"; };
		DB74E8EA207327D00042CEDE /* NSObject+MJProperty.h */ = {isa = PBXFileReference; fileEncoding = 4; lastKnownFileType = sourcecode.c.h; path = "NSObject+MJProperty.h"; sourceTree = "<group>"; };
		DB74E8EB207327D10042CEDE /* NSObject+MJClass.m */ = {isa = PBXFileReference; fileEncoding = 4; lastKnownFileType = sourcecode.c.objc; path = "NSObject+MJClass.m"; sourceTree = "<group>"; };
		DB74E8EC207327D10042CEDE /* MJProperty.m */ = {isa = PBXFileReference; fileEncoding = 4; lastKnownFileType = sourcecode.c.objc; path = MJProperty.m; sourceTree = "<group>"; };
		DB74E8ED207327D10042CEDE /* MJPropertyType.h */ = {isa = PBXFileReference; fileEncoding = 4; lastKnownFileType = sourcecode.c.h; path = MJPropertyType.h; sourceTree = "<group>"; };
		DB74E8EE207327D10042CEDE /* NSObject+MJKeyValue.m */ = {isa = PBXFileReference; fileEncoding = 4; lastKnownFileType = sourcecode.c.objc; path = "NSObject+MJKeyValue.m"; sourceTree = "<group>"; };
		DB74E8EF207327D10042CEDE /* MJExtensionConst.h */ = {isa = PBXFileReference; fileEncoding = 4; lastKnownFileType = sourcecode.c.h; path = MJExtensionConst.h; sourceTree = "<group>"; };
		DB74E8F0207327D10042CEDE /* MJExtension.h */ = {isa = PBXFileReference; fileEncoding = 4; lastKnownFileType = sourcecode.c.h; path = MJExtension.h; sourceTree = "<group>"; };
		DB74E8F1207327D10042CEDE /* MJExtensionConst.m */ = {isa = PBXFileReference; fileEncoding = 4; lastKnownFileType = sourcecode.c.objc; path = MJExtensionConst.m; sourceTree = "<group>"; };
		DB74E8F2207327D10042CEDE /* NSObject+MJKeyValue.h */ = {isa = PBXFileReference; fileEncoding = 4; lastKnownFileType = sourcecode.c.h; path = "NSObject+MJKeyValue.h"; sourceTree = "<group>"; };
		DB74E8F3207327D10042CEDE /* NSObject+MJProperty.m */ = {isa = PBXFileReference; fileEncoding = 4; lastKnownFileType = sourcecode.c.objc; path = "NSObject+MJProperty.m"; sourceTree = "<group>"; };
		DB74E8F4207327D10042CEDE /* MJFoundation.h */ = {isa = PBXFileReference; fileEncoding = 4; lastKnownFileType = sourcecode.c.h; path = MJFoundation.h; sourceTree = "<group>"; };
		DB74E8F5207327D10042CEDE /* MJPropertyKey.h */ = {isa = PBXFileReference; fileEncoding = 4; lastKnownFileType = sourcecode.c.h; path = MJPropertyKey.h; sourceTree = "<group>"; };
		DB74E8F6207327D10042CEDE /* NSString+MJExtension.m */ = {isa = PBXFileReference; fileEncoding = 4; lastKnownFileType = sourcecode.c.objc; path = "NSString+MJExtension.m"; sourceTree = "<group>"; };
		DB74E8F7207327D20042CEDE /* NSObject+MJCoding.h */ = {isa = PBXFileReference; fileEncoding = 4; lastKnownFileType = sourcecode.c.h; path = "NSObject+MJCoding.h"; sourceTree = "<group>"; };
		DB74E8F8207327D20042CEDE /* MJProperty.h */ = {isa = PBXFileReference; fileEncoding = 4; lastKnownFileType = sourcecode.c.h; path = MJProperty.h; sourceTree = "<group>"; };
		DB74E8F9207327D20042CEDE /* MJPropertyType.m */ = {isa = PBXFileReference; fileEncoding = 4; lastKnownFileType = sourcecode.c.objc; path = MJPropertyType.m; sourceTree = "<group>"; };
		DB74E8FA207327D20042CEDE /* NSObject+MJClass.h */ = {isa = PBXFileReference; fileEncoding = 4; lastKnownFileType = sourcecode.c.h; path = "NSObject+MJClass.h"; sourceTree = "<group>"; };
		DB74E8FB207327D20042CEDE /* NSString+MJExtension.h */ = {isa = PBXFileReference; fileEncoding = 4; lastKnownFileType = sourcecode.c.h; path = "NSString+MJExtension.h"; sourceTree = "<group>"; };
		DB74E90920732ED80042CEDE /* PPCropView.m */ = {isa = PBXFileReference; fileEncoding = 4; lastKnownFileType = sourcecode.c.objc; path = PPCropView.m; sourceTree = "<group>"; };
		DB74E90A20732ED80042CEDE /* PPCropView.h */ = {isa = PBXFileReference; fileEncoding = 4; lastKnownFileType = sourcecode.c.h; path = PPCropView.h; sourceTree = "<group>"; };
		DB74E91320732FEC0042CEDE /* UIView+XL_Extension.h */ = {isa = PBXFileReference; fileEncoding = 4; lastKnownFileType = sourcecode.c.h; path = "UIView+XL_Extension.h"; sourceTree = "<group>"; };
		DB74E91420732FEC0042CEDE /* UIView+XL_Extension.m */ = {isa = PBXFileReference; fileEncoding = 4; lastKnownFileType = sourcecode.c.objc; path = "UIView+XL_Extension.m"; sourceTree = "<group>"; };
		DB74E91520732FEC0042CEDE /* XL_ZoomingScrollView.h */ = {isa = PBXFileReference; fileEncoding = 4; lastKnownFileType = sourcecode.c.h; path = XL_ZoomingScrollView.h; sourceTree = "<group>"; };
		DB74E91620732FEC0042CEDE /* XL_ZoomingScrollView.m */ = {isa = PBXFileReference; fileEncoding = 4; lastKnownFileType = sourcecode.c.objc; path = XL_ZoomingScrollView.m; sourceTree = "<group>"; };
		DB74E91C207355970042CEDE /* PictureSelectViewController.h */ = {isa = PBXFileReference; lastKnownFileType = sourcecode.c.h; path = PictureSelectViewController.h; sourceTree = "<group>"; };
		DB74E91D207355970042CEDE /* PictureSelectViewController.m */ = {isa = PBXFileReference; lastKnownFileType = sourcecode.c.objc; path = PictureSelectViewController.m; sourceTree = "<group>"; };
		DB74E91E207355970042CEDE /* PictureSelectViewController.xib */ = {isa = PBXFileReference; lastKnownFileType = file.xib; path = PictureSelectViewController.xib; sourceTree = "<group>"; };
		DB74E92120735A590042CEDE /* squareMask.txt */ = {isa = PBXFileReference; fileEncoding = 4; lastKnownFileType = text; path = squareMask.txt; sourceTree = "<group>"; };
		DBE2581020635FBC00C34650 /* CubeMap_PK.c */ = {isa = PBXFileReference; fileEncoding = 4; lastKnownFileType = sourcecode.c.c; path = CubeMap_PK.c; sourceTree = "<group>"; };
		DBE2581120635FBC00C34650 /* CubeMap_PK.h */ = {isa = PBXFileReference; fileEncoding = 4; lastKnownFileType = sourcecode.c.h; path = CubeMap_PK.h; sourceTree = "<group>"; };
		DBE258132063606700C34650 /* PictureProcessKit.h */ = {isa = PBXFileReference; lastKnownFileType = sourcecode.c.h; path = PictureProcessKit.h; sourceTree = "<group>"; };
/* End PBXFileReference section */

/* Begin PBXFrameworksBuildPhase section */
		DB6D0F1D20626A3C007872B0 /* Frameworks */ = {
			isa = PBXFrameworksBuildPhase;
			buildActionMask = 2147483647;
			files = (
			);
			runOnlyForDeploymentPostprocessing = 0;
		};
		DB6D0F3520626A3D007872B0 /* Frameworks */ = {
			isa = PBXFrameworksBuildPhase;
			buildActionMask = 2147483647;
			files = (
			);
			runOnlyForDeploymentPostprocessing = 0;
		};
		DB6D0F4020626A3D007872B0 /* Frameworks */ = {
			isa = PBXFrameworksBuildPhase;
			buildActionMask = 2147483647;
			files = (
			);
			runOnlyForDeploymentPostprocessing = 0;
		};
/* End PBXFrameworksBuildPhase section */

/* Begin PBXGroup section */
		DB6D0F1720626A3C007872B0 = {
			isa = PBXGroup;
			children = (
				DB6D0F2220626A3C007872B0 /* PictureProcessKitTest */,
				DB6D0F3B20626A3D007872B0 /* PictureProcessKitTestTests */,
				DB6D0F4620626A3D007872B0 /* PictureProcessKitTestUITests */,
				DB6D0F2120626A3C007872B0 /* Products */,
			);
			sourceTree = "<group>";
		};
		DB6D0F2120626A3C007872B0 /* Products */ = {
			isa = PBXGroup;
			children = (
				DB6D0F2020626A3C007872B0 /* PictureProcessKitTest.app */,
				DB6D0F3820626A3D007872B0 /* PictureProcessKitTestTests.xctest */,
				DB6D0F4320626A3D007872B0 /* PictureProcessKitTestUITests.xctest */,
			);
			name = Products;
			sourceTree = "<group>";
		};
		DB6D0F2220626A3C007872B0 /* PictureProcessKitTest */ = {
			isa = PBXGroup;
			children = (
				DB74E92120735A590042CEDE /* squareMask.txt */,
				DB74E8E6207327C80042CEDE /* mjextension */,
				DB74E8DC207321CE0042CEDE /* others */,
				DB6D0F5520626A76007872B0 /* PictureProcessKit */,
				DB6D0F2320626A3C007872B0 /* AppDelegate.h */,
				DB6D0F2420626A3C007872B0 /* AppDelegate.m */,
				DB6D0F2620626A3C007872B0 /* ViewController.h */,
				DB6D0F8620627C02007872B0 /* ViewController.m */,
				DB6D0F2920626A3D007872B0 /* Main.storyboard */,
				DB57A724206391E0000F02CE /* BaseTableCell.h */,
				DB57A723206391E0000F02CE /* BaseTableCell.m */,
				DB57A726206391FC000F02CE /* BaseTableViewCell.h */,
				DB57A727206391FC000F02CE /* BaseTableViewCell.m */,
				DB6D0F2C20626A3D007872B0 /* Assets.xcassets */,
				DB6D0F2E20626A3D007872B0 /* LaunchScreen.storyboard */,
				DB6D0F3120626A3D007872B0 /* Info.plist */,
				DB6D0F3220626A3D007872B0 /* main.m */,
				DB57A72C20639D22000F02CE /* PictureCreateViewController.h */,
				DB57A72D20639D22000F02CE /* PictureCreateViewController.m */,
				DB57A72E20639D22000F02CE /* PictureCreateViewController.xib */,
				DB57A7312063B67D000F02CE /* PictureComposition.h */,
				DB57A7322063B67D000F02CE /* PictureComposition.m */,
				DB57A7332063B67D000F02CE /* PictureComposition.xib */,
				DB74E91C207355970042CEDE /* PictureSelectViewController.h */,
				DB74E91D207355970042CEDE /* PictureSelectViewController.m */,
				DB74E91E207355970042CEDE /* PictureSelectViewController.xib */,
			);
			path = PictureProcessKitTest;
			sourceTree = "<group>";
		};
		DB6D0F3B20626A3D007872B0 /* PictureProcessKitTestTests */ = {
			isa = PBXGroup;
			children = (
				DB6D0F3C20626A3D007872B0 /* PictureProcessKitTestTests.m */,
				DB6D0F3E20626A3D007872B0 /* Info.plist */,
			);
			path = PictureProcessKitTestTests;
			sourceTree = "<group>";
		};
		DB6D0F4620626A3D007872B0 /* PictureProcessKitTestUITests */ = {
			isa = PBXGroup;
			children = (
				DB6D0F4720626A3D007872B0 /* PictureProcessKitTestUITests.m */,
				DB6D0F4920626A3D007872B0 /* Info.plist */,
			);
			path = PictureProcessKitTestUITests;
			sourceTree = "<group>";
		};
		DB6D0F5520626A76007872B0 /* PictureProcessKit */ = {
			isa = PBXGroup;
			children = (
				DB74E8C520731ABB0042CEDE /* PictureSelect_Crop */,
				DB6D0F5620626AB8007872B0 /* CoreImage */,
				DB6D0F5720626AB8007872B0 /* Utilities */,
				DBE258132063606700C34650 /* PictureProcessKit.h */,
			);
			path = PictureProcessKit;
			sourceTree = "<group>";
		};
		DB6D0F5620626AB8007872B0 /* CoreImage */ = {
			isa = PBXGroup;
			children = (
				DBE2581020635FBC00C34650 /* CubeMap_PK.c */,
				DBE2581120635FBC00C34650 /* CubeMap_PK.h */,
			);
			path = CoreImage;
			sourceTree = "<group>";
		};
		DB6D0F5720626AB8007872B0 /* Utilities */ = {
			isa = PBXGroup;
			children = (
				DB6D0F6E20626CDB007872B0 /* UIImage+PPK_Help.h */,
				DB6D0F6F20626CDB007872B0 /* UIImage+PPK_Help.m */,
				DB6D0F5C20626BCA007872B0 /* BlurTool */,
				DB6D0F6520626BCA007872B0 /* FaceDetection */,
				DB6D0F5820626BCA007872B0 /* Filters */,
			);
			path = Utilities;
			sourceTree = "<group>";
		};
		DB6D0F5820626BCA007872B0 /* Filters */ = {
			isa = PBXGroup;
			children = (
				DB6D0F7620626DF6007872B0 /* ColorMatrix_PPK.h */,
				DB6D0F7520626DF6007872B0 /* ImageUtil_PPK.h */,
				DB6D0F7420626DF6007872B0 /* ImageUtil_PPK.m */,
			);
			path = Filters;
			sourceTree = "<group>";
		};
		DB6D0F5C20626BCA007872B0 /* BlurTool */ = {
			isa = PBXGroup;
			children = (
				DB6D0F7D20626E4B007872B0 /* CLBlurBand_PPK.h */,
				DB6D0F7C20626E4B007872B0 /* CLBlurBand_PPK.m */,
				DB6D0F7B20626E4B007872B0 /* CLBlurCircle_PPK.h */,
				DB6D0F7820626E4B007872B0 /* CLBlurCircle_PPK.m */,
				DB6D0F7920626E4B007872B0 /* CLSpotCircle_PPK.h */,
				DB6D0F7A20626E4B007872B0 /* CLSpotCircle_PPK.m */,
			);
			path = BlurTool;
			sourceTree = "<group>";
		};
		DB6D0F6520626BCA007872B0 /* FaceDetection */ = {
			isa = PBXGroup;
			children = (
				DB6D0F7120626D4A007872B0 /* FaceDetection_PPK.h */,
				DB6D0F7220626D4A007872B0 /* FaceDetection_PPK.m */,
			);
			path = FaceDetection;
			sourceTree = "<group>";
		};
		DB74E8C520731ABB0042CEDE /* PictureSelect_Crop */ = {
			isa = PBXGroup;
			children = (
				DB74E90C20732F900042CEDE /* PPScrollView */,
				DB74E8C920731C3B0042CEDE /* CompoundPath */,
				DB74E8C620731B160042CEDE /* PPCropController.h */,
				DB74E8C720731B160042CEDE /* PPCropController.m */,
				DB74E90A20732ED80042CEDE /* PPCropView.h */,
				DB74E90920732ED80042CEDE /* PPCropView.m */,
			);
			path = PictureSelect_Crop;
			sourceTree = "<group>";
		};
		DB74E8C920731C3B0042CEDE /* CompoundPath */ = {
			isa = PBXGroup;
			children = (
				DB74E8D620731EAF0042CEDE /* PPCompoundPath.h */,
				DB74E8D820731EAF0042CEDE /* PPCompoundPath.m */,
				DB74E8D720731EAF0042CEDE /* PPPoint.h */,
				DB74E8D320731EAF0042CEDE /* PPPoint.m */,
				DB74E8D420731EAF0042CEDE /* PPPointPath.h */,
				DB74E8D520731EAF0042CEDE /* PPPointPath.m */,
			);
			path = CompoundPath;
			sourceTree = "<group>";
		};
		DB74E8DC207321CE0042CEDE /* others */ = {
			isa = PBXGroup;
			children = (
				DB74E8DD207321FB0042CEDE /* PPCompoundPath_sub.h */,
				DB74E8DE207321FB0042CEDE /* PPCompoundPath_sub.m */,
				DB74E8E02073221B0042CEDE /* PPPoint_sub.h */,
				DB74E8E12073221B0042CEDE /* PPPoint_sub.m */,
				DB74E8E32073222D0042CEDE /* PPPointPath_sub.h */,
				DB74E8E42073222D0042CEDE /* PPPointPath_sub.m */,
			);
			path = others;
			sourceTree = "<group>";
		};
		DB74E8E6207327C80042CEDE /* mjextension */ = {
			isa = PBXGroup;
			children = (
				DB74E8F0207327D10042CEDE /* MJExtension.h */,
				DB74E8EF207327D10042CEDE /* MJExtensionConst.h */,
				DB74E8F1207327D10042CEDE /* MJExtensionConst.m */,
				DB74E8F4207327D10042CEDE /* MJFoundation.h */,
				DB74E8E7207327D00042CEDE /* MJFoundation.m */,
				DB74E8F8207327D20042CEDE /* MJProperty.h */,
				DB74E8EC207327D10042CEDE /* MJProperty.m */,
				DB74E8F5207327D10042CEDE /* MJPropertyKey.h */,
				DB74E8E9207327D00042CEDE /* MJPropertyKey.m */,
				DB74E8ED207327D10042CEDE /* MJPropertyType.h */,
				DB74E8F9207327D20042CEDE /* MJPropertyType.m */,
				DB74E8FA207327D20042CEDE /* NSObject+MJClass.h */,
				DB74E8EB207327D10042CEDE /* NSObject+MJClass.m */,
				DB74E8F7207327D20042CEDE /* NSObject+MJCoding.h */,
				DB74E8E8207327D00042CEDE /* NSObject+MJCoding.m */,
				DB74E8F2207327D10042CEDE /* NSObject+MJKeyValue.h */,
				DB74E8EE207327D10042CEDE /* NSObject+MJKeyValue.m */,
				DB74E8EA207327D00042CEDE /* NSObject+MJProperty.h */,
				DB74E8F3207327D10042CEDE /* NSObject+MJProperty.m */,
				DB74E8FB207327D20042CEDE /* NSString+MJExtension.h */,
				DB74E8F6207327D10042CEDE /* NSString+MJExtension.m */,
			);
			path = mjextension;
			sourceTree = "<group>";
		};
		DB74E90C20732F900042CEDE /* PPScrollView */ = {
			isa = PBXGroup;
			children = (
				DB74E91320732FEC0042CEDE /* UIView+XL_Extension.h */,
				DB74E91420732FEC0042CEDE /* UIView+XL_Extension.m */,
				DB74E91520732FEC0042CEDE /* XL_ZoomingScrollView.h */,
				DB74E91620732FEC0042CEDE /* XL_ZoomingScrollView.m */,
			);
			path = PPScrollView;
			sourceTree = "<group>";
		};
/* End PBXGroup section */

/* Begin PBXNativeTarget section */
		DB6D0F1F20626A3C007872B0 /* PictureProcessKitTest */ = {
			isa = PBXNativeTarget;
			buildConfigurationList = DB6D0F4C20626A3D007872B0 /* Build configuration list for PBXNativeTarget "PictureProcessKitTest" */;
			buildPhases = (
				DB6D0F1C20626A3C007872B0 /* Sources */,
				DB6D0F1D20626A3C007872B0 /* Frameworks */,
				DB6D0F1E20626A3C007872B0 /* Resources */,
			);
			buildRules = (
			);
			dependencies = (
			);
			name = PictureProcessKitTest;
			productName = PictureProcessKitTest;
			productReference = DB6D0F2020626A3C007872B0 /* PictureProcessKitTest.app */;
			productType = "com.apple.product-type.application";
		};
		DB6D0F3720626A3D007872B0 /* PictureProcessKitTestTests */ = {
			isa = PBXNativeTarget;
			buildConfigurationList = DB6D0F4F20626A3D007872B0 /* Build configuration list for PBXNativeTarget "PictureProcessKitTestTests" */;
			buildPhases = (
				DB6D0F3420626A3D007872B0 /* Sources */,
				DB6D0F3520626A3D007872B0 /* Frameworks */,
				DB6D0F3620626A3D007872B0 /* Resources */,
			);
			buildRules = (
			);
			dependencies = (
				DB6D0F3A20626A3D007872B0 /* PBXTargetDependency */,
			);
			name = PictureProcessKitTestTests;
			productName = PictureProcessKitTestTests;
			productReference = DB6D0F3820626A3D007872B0 /* PictureProcessKitTestTests.xctest */;
			productType = "com.apple.product-type.bundle.unit-test";
		};
		DB6D0F4220626A3D007872B0 /* PictureProcessKitTestUITests */ = {
			isa = PBXNativeTarget;
			buildConfigurationList = DB6D0F5220626A3D007872B0 /* Build configuration list for PBXNativeTarget "PictureProcessKitTestUITests" */;
			buildPhases = (
				DB6D0F3F20626A3D007872B0 /* Sources */,
				DB6D0F4020626A3D007872B0 /* Frameworks */,
				DB6D0F4120626A3D007872B0 /* Resources */,
			);
			buildRules = (
			);
			dependencies = (
				DB6D0F4520626A3D007872B0 /* PBXTargetDependency */,
			);
			name = PictureProcessKitTestUITests;
			productName = PictureProcessKitTestUITests;
			productReference = DB6D0F4320626A3D007872B0 /* PictureProcessKitTestUITests.xctest */;
			productType = "com.apple.product-type.bundle.ui-testing";
		};
/* End PBXNativeTarget section */

/* Begin PBXProject section */
		DB6D0F1820626A3C007872B0 /* Project object */ = {
			isa = PBXProject;
			attributes = {
				LastUpgradeCheck = 0920;
				ORGANIZATIONNAME = PeterHu;
				TargetAttributes = {
					DB6D0F1F20626A3C007872B0 = {
						CreatedOnToolsVersion = 9.2;
						ProvisioningStyle = Automatic;
					};
					DB6D0F3720626A3D007872B0 = {
						CreatedOnToolsVersion = 9.2;
						ProvisioningStyle = Automatic;
						TestTargetID = DB6D0F1F20626A3C007872B0;
					};
					DB6D0F4220626A3D007872B0 = {
						CreatedOnToolsVersion = 9.2;
						ProvisioningStyle = Automatic;
						TestTargetID = DB6D0F1F20626A3C007872B0;
					};
				};
			};
			buildConfigurationList = DB6D0F1B20626A3C007872B0 /* Build configuration list for PBXProject "PictureProcessKitTest" */;
			compatibilityVersion = "Xcode 8.0";
			developmentRegion = en;
			hasScannedForEncodings = 0;
			knownRegions = (
				en,
				Base,
			);
			mainGroup = DB6D0F1720626A3C007872B0;
			productRefGroup = DB6D0F2120626A3C007872B0 /* Products */;
			projectDirPath = "";
			projectRoot = "";
			targets = (
				DB6D0F1F20626A3C007872B0 /* PictureProcessKitTest */,
				DB6D0F3720626A3D007872B0 /* PictureProcessKitTestTests */,
				DB6D0F4220626A3D007872B0 /* PictureProcessKitTestUITests */,
			);
		};
/* End PBXProject section */

/* Begin PBXResourcesBuildPhase section */
		DB6D0F1E20626A3C007872B0 /* Resources */ = {
			isa = PBXResourcesBuildPhase;
			buildActionMask = 2147483647;
			files = (
				DB6D0F3020626A3D007872B0 /* LaunchScreen.storyboard in Resources */,
				DB74E92220735A590042CEDE /* squareMask.txt in Resources */,
				DB6D0F2D20626A3D007872B0 /* Assets.xcassets in Resources */,
				DB57A7352063B67E000F02CE /* PictureComposition.xib in Resources */,
				DB6D0F2B20626A3D007872B0 /* Main.storyboard in Resources */,
				DB57A73020639D22000F02CE /* PictureCreateViewController.xib in Resources */,
				DB74E920207355970042CEDE /* PictureSelectViewController.xib in Resources */,
			);
			runOnlyForDeploymentPostprocessing = 0;
		};
		DB6D0F3620626A3D007872B0 /* Resources */ = {
			isa = PBXResourcesBuildPhase;
			buildActionMask = 2147483647;
			files = (
			);
			runOnlyForDeploymentPostprocessing = 0;
		};
		DB6D0F4120626A3D007872B0 /* Resources */ = {
			isa = PBXResourcesBuildPhase;
			buildActionMask = 2147483647;
			files = (
			);
			runOnlyForDeploymentPostprocessing = 0;
		};
/* End PBXResourcesBuildPhase section */

/* Begin PBXSourcesBuildPhase section */
		DB6D0F1C20626A3C007872B0 /* Sources */ = {
			isa = PBXSourcesBuildPhase;
			buildActionMask = 2147483647;
			files = (
				DB57A728206391FD000F02CE /* BaseTableViewCell.m in Sources */,
				DB74E8FC207327D20042CEDE /* MJFoundation.m in Sources */,
				DB74E905207327D20042CEDE /* MJPropertyType.m in Sources */,
				DB6D0F7720626DF6007872B0 /* ImageUtil_PPK.m in Sources */,
				DB6D0F8020626E4B007872B0 /* CLBlurBand_PPK.m in Sources */,
				DBE2581220635FBC00C34650 /* CubeMap_PK.c in Sources */,
				DB6D0F7320626D4A007872B0 /* FaceDetection_PPK.m in Sources */,
				DB6D0F8720627C02007872B0 /* ViewController.m in Sources */,
				DB74E8FE207327D20042CEDE /* MJPropertyKey.m in Sources */,
				DB74E904207327D20042CEDE /* NSString+MJExtension.m in Sources */,
				DB74E8C820731B160042CEDE /* PPCropController.m in Sources */,
				DB74E91820732FEC0042CEDE /* XL_ZoomingScrollView.m in Sources */,
				DB74E8DA20731EAF0042CEDE /* PPPointPath.m in Sources */,
				DB6D0F3320626A3D007872B0 /* main.m in Sources */,
				DB57A7342063B67E000F02CE /* PictureComposition.m in Sources */,
				DB57A725206391E1000F02CE /* BaseTableCell.m in Sources */,
				DB74E91F207355970042CEDE /* PictureSelectViewController.m in Sources */,
				DB74E901207327D20042CEDE /* NSObject+MJKeyValue.m in Sources */,
				DB6D0F2520626A3C007872B0 /* AppDelegate.m in Sources */,
				DB6D0F7E20626E4B007872B0 /* CLBlurCircle_PPK.m in Sources */,
				DB74E903207327D20042CEDE /* NSObject+MJProperty.m in Sources */,
				DB74E902207327D20042CEDE /* MJExtensionConst.m in Sources */,
				DB74E8DB20731EAF0042CEDE /* PPCompoundPath.m in Sources */,
				DB6D0F7F20626E4B007872B0 /* CLSpotCircle_PPK.m in Sources */,
				DB74E91720732FEC0042CEDE /* UIView+XL_Extension.m in Sources */,
				DB74E90B20732ED80042CEDE /* PPCropView.m in Sources */,
				DB74E900207327D20042CEDE /* MJProperty.m in Sources */,
				DB74E8E52073222D0042CEDE /* PPPointPath_sub.m in Sources */,
				DB74E8E22073221B0042CEDE /* PPPoint_sub.m in Sources */,
				DB74E8FD207327D20042CEDE /* NSObject+MJCoding.m in Sources */,
				DB57A72F20639D22000F02CE /* PictureCreateViewController.m in Sources */,
				DB74E8DF207321FB0042CEDE /* PPCompoundPath_sub.m in Sources */,
				DB74E8D920731EAF0042CEDE /* PPPoint.m in Sources */,
				DB74E8FF207327D20042CEDE /* NSObject+MJClass.m in Sources */,
				DB6D0F7020626CDB007872B0 /* UIImage+PPK_Help.m in Sources */,
			);
			runOnlyForDeploymentPostprocessing = 0;
		};
		DB6D0F3420626A3D007872B0 /* Sources */ = {
			isa = PBXSourcesBuildPhase;
			buildActionMask = 2147483647;
			files = (
				DB6D0F3D20626A3D007872B0 /* PictureProcessKitTestTests.m in Sources */,
			);
			runOnlyForDeploymentPostprocessing = 0;
		};
		DB6D0F3F20626A3D007872B0 /* Sources */ = {
			isa = PBXSourcesBuildPhase;
			buildActionMask = 2147483647;
			files = (
				DB6D0F4820626A3D007872B0 /* PictureProcessKitTestUITests.m in Sources */,
			);
			runOnlyForDeploymentPostprocessing = 0;
		};
/* End PBXSourcesBuildPhase section */

/* Begin PBXTargetDependency section */
		DB6D0F3A20626A3D007872B0 /* PBXTargetDependency */ = {
			isa = PBXTargetDependency;
			target = DB6D0F1F20626A3C007872B0 /* PictureProcessKitTest */;
			targetProxy = DB6D0F3920626A3D007872B0 /* PBXContainerItemProxy */;
		};
		DB6D0F4520626A3D007872B0 /* PBXTargetDependency */ = {
			isa = PBXTargetDependency;
			target = DB6D0F1F20626A3C007872B0 /* PictureProcessKitTest */;
			targetProxy = DB6D0F4420626A3D007872B0 /* PBXContainerItemProxy */;
		};
/* End PBXTargetDependency section */

/* Begin PBXVariantGroup section */
		DB6D0F2920626A3D007872B0 /* Main.storyboard */ = {
			isa = PBXVariantGroup;
			children = (
				DB6D0F2A20626A3D007872B0 /* Base */,
			);
			name = Main.storyboard;
			sourceTree = "<group>";
		};
		DB6D0F2E20626A3D007872B0 /* LaunchScreen.storyboard */ = {
			isa = PBXVariantGroup;
			children = (
				DB6D0F2F20626A3D007872B0 /* Base */,
			);
			name = LaunchScreen.storyboard;
			sourceTree = "<group>";
		};
/* End PBXVariantGroup section */

/* Begin XCBuildConfiguration section */
		DB6D0F4A20626A3D007872B0 /* Debug */ = {
			isa = XCBuildConfiguration;
			buildSettings = {
				ALWAYS_SEARCH_USER_PATHS = NO;
				CLANG_ANALYZER_NONNULL = YES;
				CLANG_ANALYZER_NUMBER_OBJECT_CONVERSION = YES_AGGRESSIVE;
				CLANG_CXX_LANGUAGE_STANDARD = "gnu++14";
				CLANG_CXX_LIBRARY = "libc++";
				CLANG_ENABLE_MODULES = YES;
				CLANG_ENABLE_OBJC_ARC = YES;
				CLANG_WARN_BLOCK_CAPTURE_AUTORELEASING = YES;
				CLANG_WARN_BOOL_CONVERSION = YES;
				CLANG_WARN_COMMA = YES;
				CLANG_WARN_CONSTANT_CONVERSION = YES;
				CLANG_WARN_DIRECT_OBJC_ISA_USAGE = YES_ERROR;
				CLANG_WARN_DOCUMENTATION_COMMENTS = YES;
				CLANG_WARN_EMPTY_BODY = YES;
				CLANG_WARN_ENUM_CONVERSION = YES;
				CLANG_WARN_INFINITE_RECURSION = YES;
				CLANG_WARN_INT_CONVERSION = YES;
				CLANG_WARN_NON_LITERAL_NULL_CONVERSION = YES;
				CLANG_WARN_OBJC_LITERAL_CONVERSION = YES;
				CLANG_WARN_OBJC_ROOT_CLASS = YES_ERROR;
				CLANG_WARN_RANGE_LOOP_ANALYSIS = YES;
				CLANG_WARN_STRICT_PROTOTYPES = YES;
				CLANG_WARN_SUSPICIOUS_MOVE = YES;
				CLANG_WARN_UNGUARDED_AVAILABILITY = YES_AGGRESSIVE;
				CLANG_WARN_UNREACHABLE_CODE = YES;
				CLANG_WARN__DUPLICATE_METHOD_MATCH = YES;
				CODE_SIGN_IDENTITY = "iPhone Developer";
				COPY_PHASE_STRIP = NO;
				DEBUG_INFORMATION_FORMAT = dwarf;
				ENABLE_STRICT_OBJC_MSGSEND = YES;
				ENABLE_TESTABILITY = YES;
				GCC_C_LANGUAGE_STANDARD = gnu11;
				GCC_DYNAMIC_NO_PIC = NO;
				GCC_NO_COMMON_BLOCKS = YES;
				GCC_OPTIMIZATION_LEVEL = 0;
				GCC_PREPROCESSOR_DEFINITIONS = (
					"DEBUG=1",
					"$(inherited)",
				);
				GCC_WARN_64_TO_32_BIT_CONVERSION = YES;
				GCC_WARN_ABOUT_RETURN_TYPE = YES_ERROR;
				GCC_WARN_UNDECLARED_SELECTOR = YES;
				GCC_WARN_UNINITIALIZED_AUTOS = YES_AGGRESSIVE;
				GCC_WARN_UNUSED_FUNCTION = YES;
				GCC_WARN_UNUSED_VARIABLE = YES;
				IPHONEOS_DEPLOYMENT_TARGET = 11.2;
				MTL_ENABLE_DEBUG_INFO = YES;
				ONLY_ACTIVE_ARCH = YES;
				SDKROOT = iphoneos;
			};
			name = Debug;
		};
		DB6D0F4B20626A3D007872B0 /* Release */ = {
			isa = XCBuildConfiguration;
			buildSettings = {
				ALWAYS_SEARCH_USER_PATHS = NO;
				CLANG_ANALYZER_NONNULL = YES;
				CLANG_ANALYZER_NUMBER_OBJECT_CONVERSION = YES_AGGRESSIVE;
				CLANG_CXX_LANGUAGE_STANDARD = "gnu++14";
				CLANG_CXX_LIBRARY = "libc++";
				CLANG_ENABLE_MODULES = YES;
				CLANG_ENABLE_OBJC_ARC = YES;
				CLANG_WARN_BLOCK_CAPTURE_AUTORELEASING = YES;
				CLANG_WARN_BOOL_CONVERSION = YES;
				CLANG_WARN_COMMA = YES;
				CLANG_WARN_CONSTANT_CONVERSION = YES;
				CLANG_WARN_DIRECT_OBJC_ISA_USAGE = YES_ERROR;
				CLANG_WARN_DOCUMENTATION_COMMENTS = YES;
				CLANG_WARN_EMPTY_BODY = YES;
				CLANG_WARN_ENUM_CONVERSION = YES;
				CLANG_WARN_INFINITE_RECURSION = YES;
				CLANG_WARN_INT_CONVERSION = YES;
				CLANG_WARN_NON_LITERAL_NULL_CONVERSION = YES;
				CLANG_WARN_OBJC_LITERAL_CONVERSION = YES;
				CLANG_WARN_OBJC_ROOT_CLASS = YES_ERROR;
				CLANG_WARN_RANGE_LOOP_ANALYSIS = YES;
				CLANG_WARN_STRICT_PROTOTYPES = YES;
				CLANG_WARN_SUSPICIOUS_MOVE = YES;
				CLANG_WARN_UNGUARDED_AVAILABILITY = YES_AGGRESSIVE;
				CLANG_WARN_UNREACHABLE_CODE = YES;
				CLANG_WARN__DUPLICATE_METHOD_MATCH = YES;
				CODE_SIGN_IDENTITY = "iPhone Developer";
				COPY_PHASE_STRIP = NO;
				DEBUG_INFORMATION_FORMAT = "dwarf-with-dsym";
				ENABLE_NS_ASSERTIONS = NO;
				ENABLE_STRICT_OBJC_MSGSEND = YES;
				GCC_C_LANGUAGE_STANDARD = gnu11;
				GCC_NO_COMMON_BLOCKS = YES;
				GCC_WARN_64_TO_32_BIT_CONVERSION = YES;
				GCC_WARN_ABOUT_RETURN_TYPE = YES_ERROR;
				GCC_WARN_UNDECLARED_SELECTOR = YES;
				GCC_WARN_UNINITIALIZED_AUTOS = YES_AGGRESSIVE;
				GCC_WARN_UNUSED_FUNCTION = YES;
				GCC_WARN_UNUSED_VARIABLE = YES;
				IPHONEOS_DEPLOYMENT_TARGET = 11.2;
				MTL_ENABLE_DEBUG_INFO = NO;
				SDKROOT = iphoneos;
				VALIDATE_PRODUCT = YES;
			};
			name = Release;
		};
		DB6D0F4D20626A3D007872B0 /* Debug */ = {
			isa = XCBuildConfiguration;
			buildSettings = {
				ASSETCATALOG_COMPILER_APPICON_NAME = AppIcon;
				CODE_SIGN_STYLE = Automatic;
				DEVELOPMENT_TEAM = G7LDTLLV6N;
				INFOPLIST_FILE = PictureProcessKitTest/Info.plist;
				IPHONEOS_DEPLOYMENT_TARGET = 10.0;
				LD_RUNPATH_SEARCH_PATHS = "$(inherited) @executable_path/Frameworks";
				PRODUCT_BUNDLE_IDENTIFIER = PH.PictureProcessKitTest;
				PRODUCT_NAME = "$(TARGET_NAME)";
				TARGETED_DEVICE_FAMILY = "1,2";
			};
			name = Debug;
		};
		DB6D0F4E20626A3D007872B0 /* Release */ = {
			isa = XCBuildConfiguration;
			buildSettings = {
				ASSETCATALOG_COMPILER_APPICON_NAME = AppIcon;
				CODE_SIGN_STYLE = Automatic;
				DEVELOPMENT_TEAM = G7LDTLLV6N;
				INFOPLIST_FILE = PictureProcessKitTest/Info.plist;
				IPHONEOS_DEPLOYMENT_TARGET = 10.0;
				LD_RUNPATH_SEARCH_PATHS = "$(inherited) @executable_path/Frameworks";
				PRODUCT_BUNDLE_IDENTIFIER = PH.PictureProcessKitTest;
				PRODUCT_NAME = "$(TARGET_NAME)";
				TARGETED_DEVICE_FAMILY = "1,2";
			};
			name = Release;
		};
		DB6D0F5020626A3D007872B0 /* Debug */ = {
			isa = XCBuildConfiguration;
			buildSettings = {
				BUNDLE_LOADER = "$(TEST_HOST)";
				CODE_SIGN_STYLE = Automatic;
				DEVELOPMENT_TEAM = G7LDTLLV6N;
				INFOPLIST_FILE = PictureProcessKitTestTests/Info.plist;
				LD_RUNPATH_SEARCH_PATHS = "$(inherited) @executable_path/Frameworks @loader_path/Frameworks";
				PRODUCT_BUNDLE_IDENTIFIER = PH.PictureProcessKitTestTests;
				PRODUCT_NAME = "$(TARGET_NAME)";
				TARGETED_DEVICE_FAMILY = "1,2";
				TEST_HOST = "$(BUILT_PRODUCTS_DIR)/PictureProcessKitTest.app/PictureProcessKitTest";
			};
			name = Debug;
		};
		DB6D0F5120626A3D007872B0 /* Release */ = {
			isa = XCBuildConfiguration;
			buildSettings = {
				BUNDLE_LOADER = "$(TEST_HOST)";
				CODE_SIGN_STYLE = Automatic;
				DEVELOPMENT_TEAM = G7LDTLLV6N;
				INFOPLIST_FILE = PictureProcessKitTestTests/Info.plist;
				LD_RUNPATH_SEARCH_PATHS = "$(inherited) @executable_path/Frameworks @loader_path/Frameworks";
				PRODUCT_BUNDLE_IDENTIFIER = PH.PictureProcessKitTestTests;
				PRODUCT_NAME = "$(TARGET_NAME)";
				TARGETED_DEVICE_FAMILY = "1,2";
				TEST_HOST = "$(BUILT_PRODUCTS_DIR)/PictureProcessKitTest.app/PictureProcessKitTest";
			};
			name = Release;
		};
		DB6D0F5320626A3D007872B0 /* Debug */ = {
			isa = XCBuildConfiguration;
			buildSettings = {
				CODE_SIGN_STYLE = Automatic;
				DEVELOPMENT_TEAM = G7LDTLLV6N;
				INFOPLIST_FILE = PictureProcessKitTestUITests/Info.plist;
				LD_RUNPATH_SEARCH_PATHS = "$(inherited) @executable_path/Frameworks @loader_path/Frameworks";
				PRODUCT_BUNDLE_IDENTIFIER = PH.PictureProcessKitTestUITests;
				PRODUCT_NAME = "$(TARGET_NAME)";
				TARGETED_DEVICE_FAMILY = "1,2";
				TEST_TARGET_NAME = PictureProcessKitTest;
			};
			name = Debug;
		};
		DB6D0F5420626A3D007872B0 /* Release */ = {
			isa = XCBuildConfiguration;
			buildSettings = {
				CODE_SIGN_STYLE = Automatic;
				DEVELOPMENT_TEAM = G7LDTLLV6N;
				INFOPLIST_FILE = PictureProcessKitTestUITests/Info.plist;
				LD_RUNPATH_SEARCH_PATHS = "$(inherited) @executable_path/Frameworks @loader_path/Frameworks";
				PRODUCT_BUNDLE_IDENTIFIER = PH.PictureProcessKitTestUITests;
				PRODUCT_NAME = "$(TARGET_NAME)";
				TARGETED_DEVICE_FAMILY = "1,2";
				TEST_TARGET_NAME = PictureProcessKitTest;
			};
			name = Release;
		};
/* End XCBuildConfiguration section */

/* Begin XCConfigurationList section */
		DB6D0F1B20626A3C007872B0 /* Build configuration list for PBXProject "PictureProcessKitTest" */ = {
			isa = XCConfigurationList;
			buildConfigurations = (
				DB6D0F4A20626A3D007872B0 /* Debug */,
				DB6D0F4B20626A3D007872B0 /* Release */,
			);
			defaultConfigurationIsVisible = 0;
			defaultConfigurationName = Release;
		};
		DB6D0F4C20626A3D007872B0 /* Build configuration list for PBXNativeTarget "PictureProcessKitTest" */ = {
			isa = XCConfigurationList;
			buildConfigurations = (
				DB6D0F4D20626A3D007872B0 /* Debug */,
				DB6D0F4E20626A3D007872B0 /* Release */,
			);
			defaultConfigurationIsVisible = 0;
			defaultConfigurationName = Release;
		};
		DB6D0F4F20626A3D007872B0 /* Build configuration list for PBXNativeTarget "PictureProcessKitTestTests" */ = {
			isa = XCConfigurationList;
			buildConfigurations = (
				DB6D0F5020626A3D007872B0 /* Debug */,
				DB6D0F5120626A3D007872B0 /* Release */,
			);
			defaultConfigurationIsVisible = 0;
			defaultConfigurationName = Release;
		};
		DB6D0F5220626A3D007872B0 /* Build configuration list for PBXNativeTarget "PictureProcessKitTestUITests" */ = {
			isa = XCConfigurationList;
			buildConfigurations = (
				DB6D0F5320626A3D007872B0 /* Debug */,
				DB6D0F5420626A3D007872B0 /* Release */,
			);
			defaultConfigurationIsVisible = 0;
			defaultConfigurationName = Release;
		};
/* End XCConfigurationList section */
	};
	rootObject = DB6D0F1820626A3C007872B0 /* Project object */;
}
